// !$*UTF8*$!
{
	archiveVersion = 1;
	classes = {
	};
	objectVersion = 56;
	objects = {

/* Begin PBXBuildFile section */
		FD9283B42BEB3665004A8A86 /* PlayButtonView.swift in Sources */ = {isa = PBXBuildFile; fileRef = FD9283B32BEB3665004A8A86 /* PlayButtonView.swift */; };
		FDCFBCE92BEB498600A886A3 /* GameViewModel.swift in Sources */ = {isa = PBXBuildFile; fileRef = FDCFBCE82BEB498600A886A3 /* GameViewModel.swift */; };
		FDE365E92BE9BFDD001ED828 /* Tic_Tac_ToeApp.swift in Sources */ = {isa = PBXBuildFile; fileRef = FDE365E82BE9BFDD001ED828 /* Tic_Tac_ToeApp.swift */; };
		FDE365EB2BE9BFDD001ED828 /* GameView.swift in Sources */ = {isa = PBXBuildFile; fileRef = FDE365EA2BE9BFDD001ED828 /* GameView.swift */; };
		FDE365ED2BE9BFDE001ED828 /* Assets.xcassets in Resources */ = {isa = PBXBuildFile; fileRef = FDE365EC2BE9BFDE001ED828 /* Assets.xcassets */; };
		FDE365F02BE9BFDE001ED828 /* Preview Assets.xcassets in Resources */ = {isa = PBXBuildFile; fileRef = FDE365EF2BE9BFDE001ED828 /* Preview Assets.xcassets */; };
		FDE365F22BE9BFDE001ED828 /* Persistence.swift in Sources */ = {isa = PBXBuildFile; fileRef = FDE365F12BE9BFDE001ED828 /* Persistence.swift */; };
		FDE365F52BE9BFDE001ED828 /* Tic_Tac_Toe.xcdatamodeld in Sources */ = {isa = PBXBuildFile; fileRef = FDE365F32BE9BFDE001ED828 /* Tic_Tac_Toe.xcdatamodeld */; };
		FDE365FF2BE9BFDE001ED828 /* Tic_Tac_ToeTests.swift in Sources */ = {isa = PBXBuildFile; fileRef = FDE365FE2BE9BFDE001ED828 /* Tic_Tac_ToeTests.swift */; };
		FDE366092BE9BFDE001ED828 /* Tic_Tac_ToeUITests.swift in Sources */ = {isa = PBXBuildFile; fileRef = FDE366082BE9BFDE001ED828 /* Tic_Tac_ToeUITests.swift */; };
		FDE3660B2BE9BFDE001ED828 /* Tic_Tac_ToeUITestsLaunchTests.swift in Sources */ = {isa = PBXBuildFile; fileRef = FDE3660A2BE9BFDE001ED828 /* Tic_Tac_ToeUITestsLaunchTests.swift */; };
		FDE366182BE9E59D001ED828 /* Alerts.swift in Sources */ = {isa = PBXBuildFile; fileRef = FDE366172BE9E59D001ED828 /* Alerts.swift */; };
/* End PBXBuildFile section */

/* Begin PBXContainerItemProxy section */
		FDE365FB2BE9BFDE001ED828 /* PBXContainerItemProxy */ = {
			isa = PBXContainerItemProxy;
			containerPortal = FDE365DD2BE9BFDD001ED828 /* Project object */;
			proxyType = 1;
			remoteGlobalIDString = FDE365E42BE9BFDD001ED828;
			remoteInfo = "Tic Tac Toe";
		};
		FDE366052BE9BFDE001ED828 /* PBXContainerItemProxy */ = {
			isa = PBXContainerItemProxy;
			containerPortal = FDE365DD2BE9BFDD001ED828 /* Project object */;
			proxyType = 1;
			remoteGlobalIDString = FDE365E42BE9BFDD001ED828;
			remoteInfo = "Tic Tac Toe";
		};
/* End PBXContainerItemProxy section */

/* Begin PBXFileReference section */
		FD9283B32BEB3665004A8A86 /* PlayButtonView.swift */ = {isa = PBXFileReference; lastKnownFileType = sourcecode.swift; path = PlayButtonView.swift; sourceTree = "<group>"; };
		FDCFBCE82BEB498600A886A3 /* GameViewModel.swift */ = {isa = PBXFileReference; lastKnownFileType = sourcecode.swift; path = GameViewModel.swift; sourceTree = "<group>"; };
		FDE365E52BE9BFDD001ED828 /* Tic Tac Toe.app */ = {isa = PBXFileReference; explicitFileType = wrapper.application; includeInIndex = 0; path = "Tic Tac Toe.app"; sourceTree = BUILT_PRODUCTS_DIR; };
		FDE365E82BE9BFDD001ED828 /* Tic_Tac_ToeApp.swift */ = {isa = PBXFileReference; lastKnownFileType = sourcecode.swift; path = Tic_Tac_ToeApp.swift; sourceTree = "<group>"; };
		FDE365EA2BE9BFDD001ED828 /* GameView.swift */ = {isa = PBXFileReference; lastKnownFileType = sourcecode.swift; path = GameView.swift; sourceTree = "<group>"; };
		FDE365EC2BE9BFDE001ED828 /* Assets.xcassets */ = {isa = PBXFileReference; lastKnownFileType = folder.assetcatalog; path = Assets.xcassets; sourceTree = "<group>"; };
		FDE365EF2BE9BFDE001ED828 /* Preview Assets.xcassets */ = {isa = PBXFileReference; lastKnownFileType = folder.assetcatalog; path = "Preview Assets.xcassets"; sourceTree = "<group>"; };
		FDE365F12BE9BFDE001ED828 /* Persistence.swift */ = {isa = PBXFileReference; lastKnownFileType = sourcecode.swift; path = Persistence.swift; sourceTree = "<group>"; };
		FDE365F42BE9BFDE001ED828 /* Tic_Tac_Toe.xcdatamodel */ = {isa = PBXFileReference; lastKnownFileType = wrapper.xcdatamodel; path = Tic_Tac_Toe.xcdatamodel; sourceTree = "<group>"; };
		FDE365FA2BE9BFDE001ED828 /* Tic Tac ToeTests.xctest */ = {isa = PBXFileReference; explicitFileType = wrapper.cfbundle; includeInIndex = 0; path = "Tic Tac ToeTests.xctest"; sourceTree = BUILT_PRODUCTS_DIR; };
		FDE365FE2BE9BFDE001ED828 /* Tic_Tac_ToeTests.swift */ = {isa = PBXFileReference; lastKnownFileType = sourcecode.swift; path = Tic_Tac_ToeTests.swift; sourceTree = "<group>"; };
		FDE366042BE9BFDE001ED828 /* Tic Tac ToeUITests.xctest */ = {isa = PBXFileReference; explicitFileType = wrapper.cfbundle; includeInIndex = 0; path = "Tic Tac ToeUITests.xctest"; sourceTree = BUILT_PRODUCTS_DIR; };
		FDE366082BE9BFDE001ED828 /* Tic_Tac_ToeUITests.swift */ = {isa = PBXFileReference; lastKnownFileType = sourcecode.swift; path = Tic_Tac_ToeUITests.swift; sourceTree = "<group>"; };
		FDE3660A2BE9BFDE001ED828 /* Tic_Tac_ToeUITestsLaunchTests.swift */ = {isa = PBXFileReference; lastKnownFileType = sourcecode.swift; path = Tic_Tac_ToeUITestsLaunchTests.swift; sourceTree = "<group>"; };
		FDE366172BE9E59D001ED828 /* Alerts.swift */ = {isa = PBXFileReference; lastKnownFileType = sourcecode.swift; path = Alerts.swift; sourceTree = "<group>"; };
/* End PBXFileReference section */

/* Begin PBXFrameworksBuildPhase section */
		FDE365E22BE9BFDD001ED828 /* Frameworks */ = {
			isa = PBXFrameworksBuildPhase;
			buildActionMask = 2147483647;
			files = (
			);
			runOnlyForDeploymentPostprocessing = 0;
		};
		FDE365F72BE9BFDE001ED828 /* Frameworks */ = {
			isa = PBXFrameworksBuildPhase;
			buildActionMask = 2147483647;
			files = (
			);
			runOnlyForDeploymentPostprocessing = 0;
		};
		FDE366012BE9BFDE001ED828 /* Frameworks */ = {
			isa = PBXFrameworksBuildPhase;
			buildActionMask = 2147483647;
			files = (
			);
			runOnlyForDeploymentPostprocessing = 0;
		};
/* End PBXFrameworksBuildPhase section */

/* Begin PBXGroup section */
		FD49A4DC2BEA090800385ED9 /* View */ = {
			isa = PBXGroup;
			children = (
				FD9283B32BEB3665004A8A86 /* PlayButtonView.swift */,
				FDE365EA2BE9BFDD001ED828 /* GameView.swift */,
			);
			path = View;
			sourceTree = "<group>";
		};
		FD9283BF2BEB412D004A8A86 /* ViewModel */ = {
			isa = PBXGroup;
			children = (
				FDCFBCE82BEB498600A886A3 /* GameViewModel.swift */,
			);
			path = ViewModel;
			sourceTree = "<group>";
		};
		FDE365DC2BE9BFDD001ED828 = {
			isa = PBXGroup;
			children = (
				FDE365E72BE9BFDD001ED828 /* Tic Tac Toe */,
				FDE365FD2BE9BFDE001ED828 /* Tic Tac ToeTests */,
				FDE366072BE9BFDE001ED828 /* Tic Tac ToeUITests */,
				FDE365E62BE9BFDD001ED828 /* Products */,
			);
			sourceTree = "<group>";
		};
		FDE365E62BE9BFDD001ED828 /* Products */ = {
			isa = PBXGroup;
			children = (
				FDE365E52BE9BFDD001ED828 /* Tic Tac Toe.app */,
				FDE365FA2BE9BFDE001ED828 /* Tic Tac ToeTests.xctest */,
				FDE366042BE9BFDE001ED828 /* Tic Tac ToeUITests.xctest */,
			);
			name = Products;
			sourceTree = "<group>";
		};
		FDE365E72BE9BFDD001ED828 /* Tic Tac Toe */ = {
			isa = PBXGroup;
			children = (
				FDE365E82BE9BFDD001ED828 /* Tic_Tac_ToeApp.swift */,
				FD49A4DC2BEA090800385ED9 /* View */,
				FD9283BF2BEB412D004A8A86 /* ViewModel */,
				FDE366172BE9E59D001ED828 /* Alerts.swift */,
				FDE365EC2BE9BFDE001ED828 /* Assets.xcassets */,
				FDE365F12BE9BFDE001ED828 /* Persistence.swift */,
				FDE365F32BE9BFDE001ED828 /* Tic_Tac_Toe.xcdatamodeld */,
				FDE365EE2BE9BFDE001ED828 /* Preview Content */,
			);
			path = "Tic Tac Toe";
			sourceTree = "<group>";
		};
		FDE365EE2BE9BFDE001ED828 /* Preview Content */ = {
			isa = PBXGroup;
			children = (
				FDE365EF2BE9BFDE001ED828 /* Preview Assets.xcassets */,
			);
			path = "Preview Content";
			sourceTree = "<group>";
		};
		FDE365FD2BE9BFDE001ED828 /* Tic Tac ToeTests */ = {
			isa = PBXGroup;
			children = (
				FDE365FE2BE9BFDE001ED828 /* Tic_Tac_ToeTests.swift */,
			);
			path = "Tic Tac ToeTests";
			sourceTree = "<group>";
		};
		FDE366072BE9BFDE001ED828 /* Tic Tac ToeUITests */ = {
			isa = PBXGroup;
			children = (
				FDE366082BE9BFDE001ED828 /* Tic_Tac_ToeUITests.swift */,
				FDE3660A2BE9BFDE001ED828 /* Tic_Tac_ToeUITestsLaunchTests.swift */,
			);
			path = "Tic Tac ToeUITests";
			sourceTree = "<group>";
		};
/* End PBXGroup section */

/* Begin PBXNativeTarget section */
		FDE365E42BE9BFDD001ED828 /* Tic Tac Toe */ = {
			isa = PBXNativeTarget;
			buildConfigurationList = FDE3660E2BE9BFDE001ED828 /* Build configuration list for PBXNativeTarget "Tic Tac Toe" */;
			buildPhases = (
				FDE365E12BE9BFDD001ED828 /* Sources */,
				FDE365E22BE9BFDD001ED828 /* Frameworks */,
				FDE365E32BE9BFDD001ED828 /* Resources */,
			);
			buildRules = (
			);
			dependencies = (
			);
			name = "Tic Tac Toe";
			productName = "Tic Tac Toe";
			productReference = FDE365E52BE9BFDD001ED828 /* Tic Tac Toe.app */;
			productType = "com.apple.product-type.application";
		};
		FDE365F92BE9BFDE001ED828 /* Tic Tac ToeTests */ = {
			isa = PBXNativeTarget;
			buildConfigurationList = FDE366112BE9BFDE001ED828 /* Build configuration list for PBXNativeTarget "Tic Tac ToeTests" */;
			buildPhases = (
				FDE365F62BE9BFDE001ED828 /* Sources */,
				FDE365F72BE9BFDE001ED828 /* Frameworks */,
				FDE365F82BE9BFDE001ED828 /* Resources */,
			);
			buildRules = (
			);
			dependencies = (
				FDE365FC2BE9BFDE001ED828 /* PBXTargetDependency */,
			);
			name = "Tic Tac ToeTests";
			productName = "Tic Tac ToeTests";
			productReference = FDE365FA2BE9BFDE001ED828 /* Tic Tac ToeTests.xctest */;
			productType = "com.apple.product-type.bundle.unit-test";
		};
		FDE366032BE9BFDE001ED828 /* Tic Tac ToeUITests */ = {
			isa = PBXNativeTarget;
			buildConfigurationList = FDE366142BE9BFDE001ED828 /* Build configuration list for PBXNativeTarget "Tic Tac ToeUITests" */;
			buildPhases = (
				FDE366002BE9BFDE001ED828 /* Sources */,
				FDE366012BE9BFDE001ED828 /* Frameworks */,
				FDE366022BE9BFDE001ED828 /* Resources */,
			);
			buildRules = (
			);
			dependencies = (
				FDE366062BE9BFDE001ED828 /* PBXTargetDependency */,
			);
			name = "Tic Tac ToeUITests";
			productName = "Tic Tac ToeUITests";
			productReference = FDE366042BE9BFDE001ED828 /* Tic Tac ToeUITests.xctest */;
			productType = "com.apple.product-type.bundle.ui-testing";
		};
/* End PBXNativeTarget section */

/* Begin PBXProject section */
		FDE365DD2BE9BFDD001ED828 /* Project object */ = {
			isa = PBXProject;
			attributes = {
				BuildIndependentTargetsInParallel = 1;
				LastSwiftUpdateCheck = 1530;
				LastUpgradeCheck = 1530;
				TargetAttributes = {
					FDE365E42BE9BFDD001ED828 = {
						CreatedOnToolsVersion = 15.3;
					};
					FDE365F92BE9BFDE001ED828 = {
						CreatedOnToolsVersion = 15.3;
						TestTargetID = FDE365E42BE9BFDD001ED828;
					};
					FDE366032BE9BFDE001ED828 = {
						CreatedOnToolsVersion = 15.3;
						TestTargetID = FDE365E42BE9BFDD001ED828;
					};
				};
			};
			buildConfigurationList = FDE365E02BE9BFDD001ED828 /* Build configuration list for PBXProject "Tic Tac Toe" */;
			compatibilityVersion = "Xcode 14.0";
			developmentRegion = en;
			hasScannedForEncodings = 0;
			knownRegions = (
				en,
				Base,
			);
			mainGroup = FDE365DC2BE9BFDD001ED828;
			productRefGroup = FDE365E62BE9BFDD001ED828 /* Products */;
			projectDirPath = "";
			projectRoot = "";
			targets = (
				FDE365E42BE9BFDD001ED828 /* Tic Tac Toe */,
				FDE365F92BE9BFDE001ED828 /* Tic Tac ToeTests */,
				FDE366032BE9BFDE001ED828 /* Tic Tac ToeUITests */,
			);
		};
/* End PBXProject section */

/* Begin PBXResourcesBuildPhase section */
		FDE365E32BE9BFDD001ED828 /* Resources */ = {
			isa = PBXResourcesBuildPhase;
			buildActionMask = 2147483647;
			files = (
				FDE365F02BE9BFDE001ED828 /* Preview Assets.xcassets in Resources */,
				FDE365ED2BE9BFDE001ED828 /* Assets.xcassets in Resources */,
			);
			runOnlyForDeploymentPostprocessing = 0;
		};
		FDE365F82BE9BFDE001ED828 /* Resources */ = {
			isa = PBXResourcesBuildPhase;
			buildActionMask = 2147483647;
			files = (
			);
			runOnlyForDeploymentPostprocessing = 0;
		};
		FDE366022BE9BFDE001ED828 /* Resources */ = {
			isa = PBXResourcesBuildPhase;
			buildActionMask = 2147483647;
			files = (
			);
			runOnlyForDeploymentPostprocessing = 0;
		};
/* End PBXResourcesBuildPhase section */

/* Begin PBXSourcesBuildPhase section */
		FDE365E12BE9BFDD001ED828 /* Sources */ = {
			isa = PBXSourcesBuildPhase;
			buildActionMask = 2147483647;
			files = (
				FDE365F22BE9BFDE001ED828 /* Persistence.swift in Sources */,
				FDE366182BE9E59D001ED828 /* Alerts.swift in Sources */,
				FDE365EB2BE9BFDD001ED828 /* GameView.swift in Sources */,
				FD9283B42BEB3665004A8A86 /* PlayButtonView.swift in Sources */,
				FDCFBCE92BEB498600A886A3 /* GameViewModel.swift in Sources */,
				FDE365F52BE9BFDE001ED828 /* Tic_Tac_Toe.xcdatamodeld in Sources */,
				FDE365E92BE9BFDD001ED828 /* Tic_Tac_ToeApp.swift in Sources */,
			);
			runOnlyForDeploymentPostprocessing = 0;
		};
		FDE365F62BE9BFDE001ED828 /* Sources */ = {
			isa = PBXSourcesBuildPhase;
			buildActionMask = 2147483647;
			files = (
				FDE365FF2BE9BFDE001ED828 /* Tic_Tac_ToeTests.swift in Sources */,
			);
			runOnlyForDeploymentPostprocessing = 0;
		};
		FDE366002BE9BFDE001ED828 /* Sources */ = {
			isa = PBXSourcesBuildPhase;
			buildActionMask = 2147483647;
			files = (
				FDE366092BE9BFDE001ED828 /* Tic_Tac_ToeUITests.swift in Sources */,
				FDE3660B2BE9BFDE001ED828 /* Tic_Tac_ToeUITestsLaunchTests.swift in Sources */,
			);
			runOnlyForDeploymentPostprocessing = 0;
		};
/* End PBXSourcesBuildPhase section */

/* Begin PBXTargetDependency section */
		FDE365FC2BE9BFDE001ED828 /* PBXTargetDependency */ = {
			isa = PBXTargetDependency;
			target = FDE365E42BE9BFDD001ED828 /* Tic Tac Toe */;
			targetProxy = FDE365FB2BE9BFDE001ED828 /* PBXContainerItemProxy */;
		};
		FDE366062BE9BFDE001ED828 /* PBXTargetDependency */ = {
			isa = PBXTargetDependency;
			target = FDE365E42BE9BFDD001ED828 /* Tic Tac Toe */;
			targetProxy = FDE366052BE9BFDE001ED828 /* PBXContainerItemProxy */;
		};
/* End PBXTargetDependency section */

/* Begin XCBuildConfiguration section */
		FDE3660C2BE9BFDE001ED828 /* Debug */ = {
			isa = XCBuildConfiguration;
			buildSettings = {
				ALWAYS_SEARCH_USER_PATHS = NO;
				ASSETCATALOG_COMPILER_GENERATE_SWIFT_ASSET_SYMBOL_EXTENSIONS = YES;
				CLANG_ANALYZER_NONNULL = YES;
				CLANG_ANALYZER_NUMBER_OBJECT_CONVERSION = YES_AGGRESSIVE;
				CLANG_CXX_LANGUAGE_STANDARD = "gnu++20";
				CLANG_ENABLE_MODULES = YES;
				CLANG_ENABLE_OBJC_ARC = YES;
				CLANG_ENABLE_OBJC_WEAK = YES;
				CLANG_WARN_BLOCK_CAPTURE_AUTORELEASING = YES;
				CLANG_WARN_BOOL_CONVERSION = YES;
				CLANG_WARN_COMMA = YES;
				CLANG_WARN_CONSTANT_CONVERSION = YES;
				CLANG_WARN_DEPRECATED_OBJC_IMPLEMENTATIONS = YES;
				CLANG_WARN_DIRECT_OBJC_ISA_USAGE = YES_ERROR;
				CLANG_WARN_DOCUMENTATION_COMMENTS = YES;
				CLANG_WARN_EMPTY_BODY = YES;
				CLANG_WARN_ENUM_CONVERSION = YES;
				CLANG_WARN_INFINITE_RECURSION = YES;
				CLANG_WARN_INT_CONVERSION = YES;
				CLANG_WARN_NON_LITERAL_NULL_CONVERSION = YES;
				CLANG_WARN_OBJC_IMPLICIT_RETAIN_SELF = YES;
				CLANG_WARN_OBJC_LITERAL_CONVERSION = YES;
				CLANG_WARN_OBJC_ROOT_CLASS = YES_ERROR;
				CLANG_WARN_QUOTED_INCLUDE_IN_FRAMEWORK_HEADER = YES;
				CLANG_WARN_RANGE_LOOP_ANALYSIS = YES;
				CLANG_WARN_STRICT_PROTOTYPES = YES;
				CLANG_WARN_SUSPICIOUS_MOVE = YES;
				CLANG_WARN_UNGUARDED_AVAILABILITY = YES_AGGRESSIVE;
				CLANG_WARN_UNREACHABLE_CODE = YES;
				CLANG_WARN__DUPLICATE_METHOD_MATCH = YES;
				COPY_PHASE_STRIP = NO;
				DEBUG_INFORMATION_FORMAT = dwarf;
				ENABLE_STRICT_OBJC_MSGSEND = YES;
				ENABLE_TESTABILITY = YES;
				ENABLE_USER_SCRIPT_SANDBOXING = YES;
				GCC_C_LANGUAGE_STANDARD = gnu17;
				GCC_DYNAMIC_NO_PIC = NO;
				GCC_NO_COMMON_BLOCKS = YES;
				GCC_OPTIMIZATION_LEVEL = 0;
				GCC_PREPROCESSOR_DEFINITIONS = (
					"DEBUG=1",
					"$(inherited)",
				);
				GCC_WARN_64_TO_32_BIT_CONVERSION = YES;
				GCC_WARN_ABOUT_RETURN_TYPE = YES_ERROR;
				GCC_WARN_UNDECLARED_SELECTOR = YES;
				GCC_WARN_UNINITIALIZED_AUTOS = YES_AGGRESSIVE;
				GCC_WARN_UNUSED_FUNCTION = YES;
				GCC_WARN_UNUSED_VARIABLE = YES;
				IPHONEOS_DEPLOYMENT_TARGET = 17.4;
				LOCALIZATION_PREFERS_STRING_CATALOGS = YES;
				MTL_ENABLE_DEBUG_INFO = INCLUDE_SOURCE;
				MTL_FAST_MATH = YES;
				ONLY_ACTIVE_ARCH = YES;
				SDKROOT = iphoneos;
				SWIFT_ACTIVE_COMPILATION_CONDITIONS = "DEBUG $(inherited)";
				SWIFT_OPTIMIZATION_LEVEL = "-Onone";
			};
			name = Debug;
		};
		FDE3660D2BE9BFDE001ED828 /* Release */ = {
			isa = XCBuildConfiguration;
			buildSettings = {
				ALWAYS_SEARCH_USER_PATHS = NO;
				ASSETCATALOG_COMPILER_GENERATE_SWIFT_ASSET_SYMBOL_EXTENSIONS = YES;
				CLANG_ANALYZER_NONNULL = YES;
				CLANG_ANALYZER_NUMBER_OBJECT_CONVERSION = YES_AGGRESSIVE;
				CLANG_CXX_LANGUAGE_STANDARD = "gnu++20";
				CLANG_ENABLE_MODULES = YES;
				CLANG_ENABLE_OBJC_ARC = YES;
				CLANG_ENABLE_OBJC_WEAK = YES;
				CLANG_WARN_BLOCK_CAPTURE_AUTORELEASING = YES;
				CLANG_WARN_BOOL_CONVERSION = YES;
				CLANG_WARN_COMMA = YES;
				CLANG_WARN_CONSTANT_CONVERSION = YES;
				CLANG_WARN_DEPRECATED_OBJC_IMPLEMENTATIONS = YES;
				CLANG_WARN_DIRECT_OBJC_ISA_USAGE = YES_ERROR;
				CLANG_WARN_DOCUMENTATION_COMMENTS = YES;
				CLANG_WARN_EMPTY_BODY = YES;
				CLANG_WARN_ENUM_CONVERSION = YES;
				CLANG_WARN_INFINITE_RECURSION = YES;
				CLANG_WARN_INT_CONVERSION = YES;
				CLANG_WARN_NON_LITERAL_NULL_CONVERSION = YES;
				CLANG_WARN_OBJC_IMPLICIT_RETAIN_SELF = YES;
				CLANG_WARN_OBJC_LITERAL_CONVERSION = YES;
				CLANG_WARN_OBJC_ROOT_CLASS = YES_ERROR;
				CLANG_WARN_QUOTED_INCLUDE_IN_FRAMEWORK_HEADER = YES;
				CLANG_WARN_RANGE_LOOP_ANALYSIS = YES;
				CLANG_WARN_STRICT_PROTOTYPES = YES;
				CLANG_WARN_SUSPICIOUS_MOVE = YES;
				CLANG_WARN_UNGUARDED_AVAILABILITY = YES_AGGRESSIVE;
				CLANG_WARN_UNREACHABLE_CODE = YES;
				CLANG_WARN__DUPLICATE_METHOD_MATCH = YES;
				COPY_PHASE_STRIP = NO;
				DEBUG_INFORMATION_FORMAT = "dwarf-with-dsym";
				ENABLE_NS_ASSERTIONS = NO;
				ENABLE_STRICT_OBJC_MSGSEND = YES;
				ENABLE_USER_SCRIPT_SANDBOXING = YES;
				GCC_C_LANGUAGE_STANDARD = gnu17;
				GCC_NO_COMMON_BLOCKS = YES;
				GCC_WARN_64_TO_32_BIT_CONVERSION = YES;
				GCC_WARN_ABOUT_RETURN_TYPE = YES_ERROR;
				GCC_WARN_UNDECLARED_SELECTOR = YES;
				GCC_WARN_UNINITIALIZED_AUTOS = YES_AGGRESSIVE;
				GCC_WARN_UNUSED_FUNCTION = YES;
				GCC_WARN_UNUSED_VARIABLE = YES;
				IPHONEOS_DEPLOYMENT_TARGET = 17.4;
				LOCALIZATION_PREFERS_STRING_CATALOGS = YES;
				MTL_ENABLE_DEBUG_INFO = NO;
				MTL_FAST_MATH = YES;
				SDKROOT = iphoneos;
				SWIFT_COMPILATION_MODE = wholemodule;
				VALIDATE_PRODUCT = YES;
			};
			name = Release;
		};
		FDE3660F2BE9BFDE001ED828 /* Debug */ = {
			isa = XCBuildConfiguration;
			buildSettings = {
				ASSETCATALOG_COMPILER_APPICON_NAME = AppIcon;
				ASSETCATALOG_COMPILER_GLOBAL_ACCENT_COLOR_NAME = AccentColor;
				CODE_SIGN_STYLE = Automatic;
				CURRENT_PROJECT_VERSION = 1;
				DEVELOPMENT_ASSET_PATHS = "\"Tic Tac Toe/Preview Content\"";
				DEVELOPMENT_TEAM = 4874AZF8LJ;
				ENABLE_PREVIEWS = YES;
				GENERATE_INFOPLIST_FILE = YES;
				INFOPLIST_KEY_UIApplicationSceneManifest_Generation = YES;
				INFOPLIST_KEY_UIApplicationSupportsIndirectInputEvents = YES;
				INFOPLIST_KEY_UILaunchScreen_Generation = YES;
				INFOPLIST_KEY_UISupportedInterfaceOrientations_iPad = "UIInterfaceOrientationPortrait UIInterfaceOrientationPortraitUpsideDown UIInterfaceOrientationLandscapeLeft UIInterfaceOrientationLandscapeRight";
				INFOPLIST_KEY_UISupportedInterfaceOrientations_iPhone = "UIInterfaceOrientationPortrait UIInterfaceOrientationLandscapeLeft UIInterfaceOrientationLandscapeRight";
				LD_RUNPATH_SEARCH_PATHS = (
					"$(inherited)",
					"@executable_path/Frameworks",
				);
				MARKETING_VERSION = 1.0;
				PRODUCT_BUNDLE_IDENTIFIER = "com.iosClass.Tic-Tac-Toe";
				PRODUCT_NAME = "$(TARGET_NAME)";
				SWIFT_EMIT_LOC_STRINGS = YES;
				SWIFT_VERSION = 5.0;
				TARGETED_DEVICE_FAMILY = "1,2";
			};
			name = Debug;
		};
		FDE366102BE9BFDE001ED828 /* Release */ = {
			isa = XCBuildConfiguration;
			buildSettings = {
				ASSETCATALOG_COMPILER_APPICON_NAME = AppIcon;
				ASSETCATALOG_COMPILER_GLOBAL_ACCENT_COLOR_NAME = AccentColor;
				CODE_SIGN_STYLE = Automatic;
				CURRENT_PROJECT_VERSION = 1;
				DEVELOPMENT_ASSET_PATHS = "\"Tic Tac Toe/Preview Content\"";
				DEVELOPMENT_TEAM = 4874AZF8LJ;
				ENABLE_PREVIEWS = YES;
				GENERATE_INFOPLIST_FILE = YES;
				INFOPLIST_KEY_UIApplicationSceneManifest_Generation = YES;
				INFOPLIST_KEY_UIApplicationSupportsIndirectInputEvents = YES;
				INFOPLIST_KEY_UILaunchScreen_Generation = YES;
				INFOPLIST_KEY_UISupportedInterfaceOrientations_iPad = "UIInterfaceOrientationPortrait UIInterfaceOrientationPortraitUpsideDown UIInterfaceOrientationLandscapeLeft UIInterfaceOrientationLandscapeRight";
				INFOPLIST_KEY_UISupportedInterfaceOrientations_iPhone = "UIInterfaceOrientationPortrait UIInterfaceOrientationLandscapeLeft UIInterfaceOrientationLandscapeRight";
				LD_RUNPATH_SEARCH_PATHS = (
					"$(inherited)",
					"@executable_path/Frameworks",
				);
				MARKETING_VERSION = 1.0;
				PRODUCT_BUNDLE_IDENTIFIER = "com.iosClass.Tic-Tac-Toe";
				PRODUCT_NAME = "$(TARGET_NAME)";
				SWIFT_EMIT_LOC_STRINGS = YES;
				SWIFT_VERSION = 5.0;
				TARGETED_DEVICE_FAMILY = "1,2";
			};
			name = Release;
		};
		FDE366122BE9BFDE001ED828 /* Debug */ = {
			isa = XCBuildConfiguration;
			buildSettings = {
				ALWAYS_EMBED_SWIFT_STANDARD_LIBRARIES = YES;
				BUNDLE_LOADER = "$(TEST_HOST)";
				CODE_SIGN_STYLE = Automatic;
				CURRENT_PROJECT_VERSION = 1;
				DEVELOPMENT_TEAM = 4874AZF8LJ;
				GENERATE_INFOPLIST_FILE = YES;
				IPHONEOS_DEPLOYMENT_TARGET = 17.4;
				MARKETING_VERSION = 1.0;
				PRODUCT_BUNDLE_IDENTIFIER = "com.iosClass.Tic-Tac-ToeTests";
				PRODUCT_NAME = "$(TARGET_NAME)";
				SWIFT_EMIT_LOC_STRINGS = NO;
				SWIFT_VERSION = 5.0;
				TARGETED_DEVICE_FAMILY = "1,2";
				TEST_HOST = "$(BUILT_PRODUCTS_DIR)/Tic Tac Toe.app/$(BUNDLE_EXECUTABLE_FOLDER_PATH)/Tic Tac Toe";
			};
			name = Debug;
		};
		FDE366132BE9BFDE001ED828 /* Release */ = {
			isa = XCBuildConfiguration;
			buildSettings = {
				ALWAYS_EMBED_SWIFT_STANDARD_LIBRARIES = YES;
				BUNDLE_LOADER = "$(TEST_HOST)";
				CODE_SIGN_STYLE = Automatic;
				CURRENT_PROJECT_VERSION = 1;
				DEVELOPMENT_TEAM = 4874AZF8LJ;
				GENERATE_INFOPLIST_FILE = YES;
				IPHONEOS_DEPLOYMENT_TARGET = 17.4;
				MARKETING_VERSION = 1.0;
				PRODUCT_BUNDLE_IDENTIFIER = "com.iosClass.Tic-Tac-ToeTests";
				PRODUCT_NAME = "$(TARGET_NAME)";
				SWIFT_EMIT_LOC_STRINGS = NO;
				SWIFT_VERSION = 5.0;
				TARGETED_DEVICE_FAMILY = "1,2";
				TEST_HOST = "$(BUILT_PRODUCTS_DIR)/Tic Tac Toe.app/$(BUNDLE_EXECUTABLE_FOLDER_PATH)/Tic Tac Toe";
			};
			name = Release;
		};
		FDE366152BE9BFDE001ED828 /* Debug */ = {
			isa = XCBuildConfiguration;
			buildSettings = {
				ALWAYS_EMBED_SWIFT_STANDARD_LIBRARIES = YES;
				CODE_SIGN_STYLE = Automatic;
				CURRENT_PROJECT_VERSION = 1;
				DEVELOPMENT_TEAM = 4874AZF8LJ;
				GENERATE_INFOPLIST_FILE = YES;
				MARKETING_VERSION = 1.0;
				PRODUCT_BUNDLE_IDENTIFIER = "com.iosClass.Tic-Tac-ToeUITests";
				PRODUCT_NAME = "$(TARGET_NAME)";
				SWIFT_EMIT_LOC_STRINGS = NO;
				SWIFT_VERSION = 5.0;
				TARGETED_DEVICE_FAMILY = "1,2";
				TEST_TARGET_NAME = "Tic Tac Toe";
			};
			name = Debug;
		};
		FDE366162BE9BFDE001ED828 /* Release */ = {
			isa = XCBuildConfiguration;
			buildSettings = {
				ALWAYS_EMBED_SWIFT_STANDARD_LIBRARIES = YES;
				CODE_SIGN_STYLE = Automatic;
				CURRENT_PROJECT_VERSION = 1;
				DEVELOPMENT_TEAM = 4874AZF8LJ;
				GENERATE_INFOPLIST_FILE = YES;
				MARKETING_VERSION = 1.0;
				PRODUCT_BUNDLE_IDENTIFIER = "com.iosClass.Tic-Tac-ToeUITests";
				PRODUCT_NAME = "$(TARGET_NAME)";
				SWIFT_EMIT_LOC_STRINGS = NO;
				SWIFT_VERSION = 5.0;
				TARGETED_DEVICE_FAMILY = "1,2";
				TEST_TARGET_NAME = "Tic Tac Toe";
			};
			name = Release;
		};
/* End XCBuildConfiguration section */

/* Begin XCConfigurationList section */
		FDE365E02BE9BFDD001ED828 /* Build configuration list for PBXProject "Tic Tac Toe" */ = {
			isa = XCConfigurationList;
			buildConfigurations = (
				FDE3660C2BE9BFDE001ED828 /* Debug */,
				FDE3660D2BE9BFDE001ED828 /* Release */,
			);
			defaultConfigurationIsVisible = 0;
			defaultConfigurationName = Release;
		};
		FDE3660E2BE9BFDE001ED828 /* Build configuration list for PBXNativeTarget "Tic Tac Toe" */ = {
			isa = XCConfigurationList;
			buildConfigurations = (
				FDE3660F2BE9BFDE001ED828 /* Debug */,
				FDE366102BE9BFDE001ED828 /* Release */,
			);
			defaultConfigurationIsVisible = 0;
			defaultConfigurationName = Release;
		};
		FDE366112BE9BFDE001ED828 /* Build configuration list for PBXNativeTarget "Tic Tac ToeTests" */ = {
			isa = XCConfigurationList;
			buildConfigurations = (
				FDE366122BE9BFDE001ED828 /* Debug */,
				FDE366132BE9BFDE001ED828 /* Release */,
			);
			defaultConfigurationIsVisible = 0;
			defaultConfigurationName = Release;
		};
		FDE366142BE9BFDE001ED828 /* Build configuration list for PBXNativeTarget "Tic Tac ToeUITests" */ = {
			isa = XCConfigurationList;
			buildConfigurations = (
				FDE366152BE9BFDE001ED828 /* Debug */,
				FDE366162BE9BFDE001ED828 /* Release */,
			);
			defaultConfigurationIsVisible = 0;
			defaultConfigurationName = Release;
		};
/* End XCConfigurationList section */

/* Begin XCVersionGroup section */
		FDE365F32BE9BFDE001ED828 /* Tic_Tac_Toe.xcdatamodeld */ = {
			isa = XCVersionGroup;
			children = (
				FDE365F42BE9BFDE001ED828 /* Tic_Tac_Toe.xcdatamodel */,
			);
			currentVersion = FDE365F42BE9BFDE001ED828 /* Tic_Tac_Toe.xcdatamodel */;
			path = Tic_Tac_Toe.xcdatamodeld;
			sourceTree = "<group>";
			versionGroupType = wrapper.xcdatamodel;
		};
/* End XCVersionGroup section */
	};
	rootObject = FDE365DD2BE9BFDD001ED828 /* Project object */;
}
